{
  "name": "boardio-backend",
  "lockfileVersion": 3,
  "requires": true,
  "packages": {
    "": {
      "dependencies": {
        "@vercel/build-utils": "^8.3.9"
      }
    },
    "node_modules/@vercel/build-utils": {
      "version": "8.3.9",
      "resolved": "https://registry.npmjs.org/@vercel/build-utils/-/build-utils-8.3.9.tgz",
      "integrity": "sha512-QqJSv4zHnipCJz0MFOFfe2Na630njfj1FWjcD1uaVjjJP1AcKmMbfYl/e0JfOZy6MTE6f0Vk2+Bc4av6jrTaOQ==",
      "license": "Apache-2.0"
    }
  }
}
